
Microsoft Visual Studio Solution File, Format Version 12.00
# Visual Studio Version 16
VisualStudioVersion = 16.0.30804.86
MinimumVisualStudioVersion = 10.0.40219.1
Project("{FAE04EC0-301F-11D3-BF4B-00C04F79EFBC}") = "Domain", "StartHackMicrosoft\Domain.csproj", "{248977C0-E47A-4167-8E1F-5E01A320C231}"
EndProject
Project("{FAE04EC0-301F-11D3-BF4B-00C04F79EFBC}") = "WebServer", "WebServer\WebServer.csproj", "{5828CA44-6E53-4DF9-8638-2DA38FD47894}"
EndProject
Project("{FAE04EC0-301F-11D3-BF4B-00C04F79EFBC}") = "DTOs", "DTOs\DTOs.csproj", "{3AF31EDB-7F45-4283-8E9E-47505A5FA10B}"
EndProject
Global
	GlobalSection(SolutionConfigurationPlatforms) = preSolution
		Debug|Any CPU = Debug|Any CPU
		Release|Any CPU = Release|Any CPU
	EndGlobalSection
	GlobalSection(ProjectConfigurationPlatforms) = postSolution
		{248977C0-E47A-4167-8E1F-5E01A320C231}.Debug|Any CPU.ActiveCfg = Debug|Any CPU
		{248977C0-E47A-4167-8E1F-5E01A320C231}.Debug|Any CPU.Build.0 = Debug|Any CPU
		{248977C0-E47A-4167-8E1F-5E01A320C231}.Release|Any CPU.ActiveCfg = Release|Any CPU
		{248977C0-E47A-4167-8E1F-5E01A320C231}.Release|Any CPU.Build.0 = Release|Any CPU
		{5828CA44-6E53-4DF9-8638-2DA38FD47894}.Debug|Any CPU.ActiveCfg = Debug|Any CPU
		{5828CA44-6E53-4DF9-8638-2DA38FD47894}.Debug|Any CPU.Build.0 = Debug|Any CPU
		{5828CA44-6E53-4DF9-8638-2DA38FD47894}.Release|Any CPU.ActiveCfg = Release|Any CPU
		{5828CA44-6E53-4DF9-8638-2DA38FD47894}.Release|Any CPU.Build.0 = Release|Any CPU
		{3AF31EDB-7F45-4283-8E9E-47505A5FA10B}.Debug|Any CPU.ActiveCfg = Debug|Any CPU
		{3AF31EDB-7F45-4283-8E9E-47505A5FA10B}.Debug|Any CPU.Build.0 = Debug|Any CPU
		{3AF31EDB-7F45-4283-8E9E-47505A5FA10B}.Release|Any CPU.ActiveCfg = Release|Any CPU
		{3AF31EDB-7F45-4283-8E9E-47505A5FA10B}.Release|Any CPU.Build.0 = Release|Any CPU
	EndGlobalSection
	GlobalSection(SolutionProperties) = preSolution
		HideSolutionNode = FALSE
	EndGlobalSection
	GlobalSection(ExtensibilityGlobals) = postSolution
		SolutionGuid = {613B4189-9E8C-42C5-BFF4-9D7FFE0B2961}
	EndGlobalSection
EndGlobal
